
Microsoft Visual Studio Solution File, Format Version 12.00
# Visual Studio Version 16
VisualStudioVersion = 25.0.1700.0
MinimumVisualStudioVersion = 10.0.40219.1
Project("{FAE04EC0-301F-11D3-BF4B-00C04F79EFBC}") = "ShortUrl", "ShortUrl\ShortUrl.csproj", "{846947F8-97FC-4100-B2F7-F47565645024}"
EndProject
Project("{FAE04EC0-301F-11D3-BF4B-00C04F79EFBC}") = "ShortUrlTest", "ShortUrlTest\ShortUrlTest.csproj", "{034D4471-B1B2-410F-B052-17BAE13DF843}"
EndProject
Global
	GlobalSection(SolutionConfigurationPlatforms) = preSolution
		Debug|Any CPU = Debug|Any CPU
		Release|Any CPU = Release|Any CPU
	EndGlobalSection
	GlobalSection(ProjectConfigurationPlatforms) = postSolution
		{846947F8-97FC-4100-B2F7-F47565645024}.Debug|Any CPU.ActiveCfg = Debug|Any CPU
		{846947F8-97FC-4100-B2F7-F47565645024}.Debug|Any CPU.Build.0 = Debug|Any CPU
		{846947F8-97FC-4100-B2F7-F47565645024}.Release|Any CPU.ActiveCfg = Release|Any CPU
		{846947F8-97FC-4100-B2F7-F47565645024}.Release|Any CPU.Build.0 = Release|Any CPU
		{034D4471-B1B2-410F-B052-17BAE13DF843}.Debug|Any CPU.ActiveCfg = Debug|Any CPU
		{034D4471-B1B2-410F-B052-17BAE13DF843}.Debug|Any CPU.Build.0 = Debug|Any CPU
		{034D4471-B1B2-410F-B052-17BAE13DF843}.Release|Any CPU.ActiveCfg = Release|Any CPU
		{034D4471-B1B2-410F-B052-17BAE13DF843}.Release|Any CPU.Build.0 = Release|Any CPU
	EndGlobalSection
	GlobalSection(SolutionProperties) = preSolution
		HideSolutionNode = FALSE
	EndGlobalSection
	GlobalSection(ExtensibilityGlobals) = postSolution
		SolutionGuid = {AE84F8DF-BEDD-4ADC-B03F-B6534AAF749C}
	EndGlobalSection
EndGlobal
